
Microsoft Visual Studio Solution File, Format Version 12.00
# Visual Studio Version 16
VisualStudioVersion = 16.0.30523.141
MinimumVisualStudioVersion = 10.0.40219.1
Project("{FAE04EC0-301F-11D3-BF4B-00C04F79EFBC}") = "HomeTask", "HomeTask\HomeTask.csproj", "{CED8933E-305B-4E25-B2A8-309ABDD33625}"
EndProject
Global
	GlobalSection(SolutionConfigurationPlatforms) = preSolution
		Debug|Any CPU = Debug|Any CPU
		Release|Any CPU = Release|Any CPU
	EndGlobalSection
	GlobalSection(ProjectConfigurationPlatforms) = postSolution
		{CED8933E-305B-4E25-B2A8-309ABDD33625}.Debug|Any CPU.ActiveCfg = Debug|Any CPU
		{CED8933E-305B-4E25-B2A8-309ABDD33625}.Debug|Any CPU.Build.0 = Debug|Any CPU
		{CED8933E-305B-4E25-B2A8-309ABDD33625}.Release|Any CPU.ActiveCfg = Release|Any CPU
		{CED8933E-305B-4E25-B2A8-309ABDD33625}.Release|Any CPU.Build.0 = Release|Any CPU
	EndGlobalSection
	GlobalSection(SolutionProperties) = preSolution
		HideSolutionNode = FALSE
	EndGlobalSection
	GlobalSection(ExtensibilityGlobals) = postSolution
		SolutionGuid = {A65799E5-6355-4353-848D-A72C277F6A37}
	EndGlobalSection
EndGlobal
